
Microsoft Visual Studio Solution File, Format Version 12.00
Project("{FAE04EC0-301F-11D3-BF4B-00C04F79EFBC}") = "ECommerce", "ECommerce.csproj", "{1E86D35F-682A-4D50-A125-516B405AD583}"
EndProject
Global
	GlobalSection(SolutionConfigurationPlatforms) = preSolution
		Debug|Any CPU = Debug|Any CPU
		Release|Any CPU = Release|Any CPU
	EndGlobalSection
	GlobalSection(ProjectConfigurationPlatforms) = postSolution
		{1E86D35F-682A-4D50-A125-516B405AD583}.Debug|Any CPU.ActiveCfg = Debug|Any CPU
		{1E86D35F-682A-4D50-A125-516B405AD583}.Debug|Any CPU.Build.0 = Debug|Any CPU
		{1E86D35F-682A-4D50-A125-516B405AD583}.Release|Any CPU.ActiveCfg = Release|Any CPU
		{1E86D35F-682A-4D50-A125-516B405AD583}.Release|Any CPU.Build.0 = Release|Any CPU
	EndGlobalSection
EndGlobal
